// !$*UTF8*$!
{
	archiveVersion = 1;
	classes = {
	};
	objectVersion = 48;
	objects = {

/* Begin PBXBuildFile section */
		2330D82E2184A66800677B36 /* Constants.swift in Sources */ = {isa = PBXBuildFile; fileRef = 2330D82D2184A66800677B36 /* Constants.swift */; };
		23361BBE21855D4C00DC6D95 /* Assets.xcassets in Resources */ = {isa = PBXBuildFile; fileRef = 23361BBD21855D4C00DC6D95 /* Assets.xcassets */; };
		239C9E701FAF5367000EF3E7 /* MainViewController.swift in Sources */ = {isa = PBXBuildFile; fileRef = 239C9E6F1FAF5367000EF3E7 /* MainViewController.swift */; };
		23C135101FA865A500659196 /* AppDelegate.swift in Sources */ = {isa = PBXBuildFile; fileRef = 23C1350F1FA865A500659196 /* AppDelegate.swift */; };
		23C1351A1FA865A500659196 /* LaunchScreenFree.storyboard in Resources */ = {isa = PBXBuildFile; fileRef = 23C135181FA865A500659196 /* LaunchScreenFree.storyboard */; };
		23E1182321841F5A00C1CAD0 /* BaseModel.swift in Sources */ = {isa = PBXBuildFile; fileRef = 23E1182221841F5A00C1CAD0 /* BaseModel.swift */; };
		23F17A6F1FB071450088E951 /* Localizable.strings in Resources */ = {isa = PBXBuildFile; fileRef = 23F17A711FB071450088E951 /* Localizable.strings */; };
		23F17A721FB0714B0088E951 /* InfoPlist.strings in Resources */ = {isa = PBXBuildFile; fileRef = 23F17A741FB0714B0088E951 /* InfoPlist.strings */; };
		23F516DA2155F47500A30FF9 /* Extensions.swift in Sources */ = {isa = PBXBuildFile; fileRef = 23F516D92155F47500A30FF9 /* Extensions.swift */; };
		23F7CBB021AA2F9A001CC3C4 /* Extensions.swift in Sources */ = {isa = PBXBuildFile; fileRef = 23F516D92155F47500A30FF9 /* Extensions.swift */; };
		23F7CBB221AA2F9A001CC3C4 /* MainTableViewCell.swift in Sources */ = {isa = PBXBuildFile; fileRef = 239C9E711FAF548D000EF3E7 /* MainTableViewCell.swift */; };
		23F7CBB321AA2F9A001CC3C4 /* Constants.swift in Sources */ = {isa = PBXBuildFile; fileRef = 2330D82D2184A66800677B36 /* Constants.swift */; };
		23F7CBB721AA2F9A001CC3C4 /* BaseModel.swift in Sources */ = {isa = PBXBuildFile; fileRef = 23E1182221841F5A00C1CAD0 /* BaseModel.swift */; };
		23F7CBBC21AA2F9A001CC3C4 /* Localizable.strings in Resources */ = {isa = PBXBuildFile; fileRef = 23F17A711FB071450088E951 /* Localizable.strings */; };
		23F7CBBE21AA2F9A001CC3C4 /* Assets.xcassets in Resources */ = {isa = PBXBuildFile; fileRef = 23361BBD21855D4C00DC6D95 /* Assets.xcassets */; };
		23F7CBBF21AA2F9A001CC3C4 /* InfoPlist.strings in Resources */ = {isa = PBXBuildFile; fileRef = 23F17A741FB0714B0088E951 /* InfoPlist.strings */; };
		23F7CBC721AA3029001CC3C4 /* LaunchScreen.storyboard in Resources */ = {isa = PBXBuildFile; fileRef = 23F7CBC621AA3029001CC3C4 /* LaunchScreen.storyboard */; };
		FA0CF3C121FD747500A42D2E /* AppDelegate.swift in Sources */ = {isa = PBXBuildFile; fileRef = 23C1350F1FA865A500659196 /* AppDelegate.swift */; };
		FA0CF3C221FD747800A42D2E /* MainViewController.swift in Sources */ = {isa = PBXBuildFile; fileRef = 239C9E6F1FAF5367000EF3E7 /* MainViewController.swift */; };
		FA0CF3CD21FD775300A42D2E /* MenuViewController.swift in Sources */ = {isa = PBXBuildFile; fileRef = FA0CF3CC21FD775300A42D2E /* MenuViewController.swift */; };
		FA0CF3CF21FD7CFD00A42D2E /* MenuModel.swift in Sources */ = {isa = PBXBuildFile; fileRef = FA0CF3CE21FD7CFD00A42D2E /* MenuModel.swift */; };
		FA0CF3D121FD7EE200A42D2E /* MenuTableViewCell.swift in Sources */ = {isa = PBXBuildFile; fileRef = FA0CF3D021FD7EE200A42D2E /* MenuTableViewCell.swift */; };
		FA0CF3D321FD893800A42D2E /* MenuSection.swift in Sources */ = {isa = PBXBuildFile; fileRef = FA0CF3D221FD893800A42D2E /* MenuSection.swift */; };
		FA0CF3D521FDD52700A42D2E /* Theme.swift in Sources */ = {isa = PBXBuildFile; fileRef = FA0CF3D421FDD52700A42D2E /* Theme.swift */; };
		FA0CF3D721FDFD6800A42D2E /* MainTableViewCell.swift in Sources */ = {isa = PBXBuildFile; fileRef = 239C9E711FAF548D000EF3E7 /* MainTableViewCell.swift */; };
		FA0CF3D821FDFD6800A42D2E /* MenuTableViewCell.swift in Sources */ = {isa = PBXBuildFile; fileRef = FA0CF3D021FD7EE200A42D2E /* MenuTableViewCell.swift */; };
		FA0CF3D921FDFD6C00A42D2E /* Theme.swift in Sources */ = {isa = PBXBuildFile; fileRef = FA0CF3D421FDD52700A42D2E /* Theme.swift */; };
		FA0CF3DA21FDFD6C00A42D2E /* MenuModel.swift in Sources */ = {isa = PBXBuildFile; fileRef = FA0CF3CE21FD7CFD00A42D2E /* MenuModel.swift */; };
		FA0CF3DB21FDFD6C00A42D2E /* MenuSection.swift in Sources */ = {isa = PBXBuildFile; fileRef = FA0CF3D221FD893800A42D2E /* MenuSection.swift */; };
		FA0CF3DC21FDFD7500A42D2E /* MenuViewController.swift in Sources */ = {isa = PBXBuildFile; fileRef = FA0CF3CC21FD775300A42D2E /* MenuViewController.swift */; };
/* End PBXBuildFile section */

/* Begin PBXFileReference section */
		232D58FB1FB0A36200E31D60 /* zh-Hans */ = {isa = PBXFileReference; lastKnownFileType = text.plist.strings; name = "zh-Hans"; path = "zh-Hans.lproj/Localizable.strings"; sourceTree = "<group>"; };
		232D58FC1FB0A36200E31D60 /* zh-Hans */ = {isa = PBXFileReference; lastKnownFileType = text.plist.strings; name = "zh-Hans"; path = "zh-Hans.lproj/InfoPlist.strings"; sourceTree = "<group>"; };
		232D58FD1FB0A36700E31D60 /* zh-Hant */ = {isa = PBXFileReference; lastKnownFileType = text.plist.strings; name = "zh-Hant"; path = "zh-Hant.lproj/Localizable.strings"; sourceTree = "<group>"; };
		232D58FE1FB0A36700E31D60 /* zh-Hant */ = {isa = PBXFileReference; lastKnownFileType = text.plist.strings; name = "zh-Hant"; path = "zh-Hant.lproj/InfoPlist.strings"; sourceTree = "<group>"; };
		232D58FF1FB0A36C00E31D60 /* de */ = {isa = PBXFileReference; lastKnownFileType = text.plist.strings; name = de; path = de.lproj/Localizable.strings; sourceTree = "<group>"; };
		232D59001FB0A36C00E31D60 /* de */ = {isa = PBXFileReference; lastKnownFileType = text.plist.strings; name = de; path = de.lproj/InfoPlist.strings; sourceTree = "<group>"; };
		232D59011FB0A37100E31D60 /* ja */ = {isa = PBXFileReference; lastKnownFileType = text.plist.strings; name = ja; path = ja.lproj/Localizable.strings; sourceTree = "<group>"; };
		232D59021FB0A37200E31D60 /* ja */ = {isa = PBXFileReference; lastKnownFileType = text.plist.strings; name = ja; path = ja.lproj/InfoPlist.strings; sourceTree = "<group>"; };
		232D59031FB0A37700E31D60 /* es */ = {isa = PBXFileReference; lastKnownFileType = text.plist.strings; name = es; path = es.lproj/Localizable.strings; sourceTree = "<group>"; };
		232D59041FB0A37700E31D60 /* es */ = {isa = PBXFileReference; lastKnownFileType = text.plist.strings; name = es; path = es.lproj/InfoPlist.strings; sourceTree = "<group>"; };
		232D59051FB0A37E00E31D60 /* it */ = {isa = PBXFileReference; lastKnownFileType = text.plist.strings; name = it; path = it.lproj/Localizable.strings; sourceTree = "<group>"; };
		232D59061FB0A37E00E31D60 /* it */ = {isa = PBXFileReference; lastKnownFileType = text.plist.strings; name = it; path = it.lproj/InfoPlist.strings; sourceTree = "<group>"; };
		232D59071FB0A38500E31D60 /* ko */ = {isa = PBXFileReference; lastKnownFileType = text.plist.strings; name = ko; path = ko.lproj/Localizable.strings; sourceTree = "<group>"; };
		232D59081FB0A38500E31D60 /* ko */ = {isa = PBXFileReference; lastKnownFileType = text.plist.strings; name = ko; path = ko.lproj/InfoPlist.strings; sourceTree = "<group>"; };
		232D59091FB0A38E00E31D60 /* ru */ = {isa = PBXFileReference; lastKnownFileType = text.plist.strings; name = ru; path = ru.lproj/Localizable.strings; sourceTree = "<group>"; };
		232D590A1FB0A38E00E31D60 /* ru */ = {isa = PBXFileReference; lastKnownFileType = text.plist.strings; name = ru; path = ru.lproj/InfoPlist.strings; sourceTree = "<group>"; };
		232D590B1FB0A39800E31D60 /* vi */ = {isa = PBXFileReference; lastKnownFileType = text.plist.strings; name = vi; path = vi.lproj/Localizable.strings; sourceTree = "<group>"; };
		232D590C1FB0A39800E31D60 /* vi */ = {isa = PBXFileReference; lastKnownFileType = text.plist.strings; name = vi; path = vi.lproj/InfoPlist.strings; sourceTree = "<group>"; };
		232D590D1FB0A3A200E31D60 /* id */ = {isa = PBXFileReference; lastKnownFileType = text.plist.strings; name = id; path = id.lproj/Localizable.strings; sourceTree = "<group>"; };
		232D590E1FB0A3A200E31D60 /* id */ = {isa = PBXFileReference; lastKnownFileType = text.plist.strings; name = id; path = id.lproj/InfoPlist.strings; sourceTree = "<group>"; };
		232D590F1FB0A3B200E31D60 /* pt */ = {isa = PBXFileReference; lastKnownFileType = text.plist.strings; name = pt; path = pt.lproj/Localizable.strings; sourceTree = "<group>"; };
		232D59101FB0A3B200E31D60 /* pt */ = {isa = PBXFileReference; lastKnownFileType = text.plist.strings; name = pt; path = pt.lproj/InfoPlist.strings; sourceTree = "<group>"; };
		2330D82D2184A66800677B36 /* Constants.swift */ = {isa = PBXFileReference; lastKnownFileType = sourcecode.swift; path = Constants.swift; sourceTree = "<group>"; };
		23361BBD21855D4C00DC6D95 /* Assets.xcassets */ = {isa = PBXFileReference; lastKnownFileType = folder.assetcatalog; path = Assets.xcassets; sourceTree = "<group>"; };
		239C9E6F1FAF5367000EF3E7 /* MainViewController.swift */ = {isa = PBXFileReference; lastKnownFileType = sourcecode.swift; path = MainViewController.swift; sourceTree = "<group>"; };
		239C9E711FAF548D000EF3E7 /* MainTableViewCell.swift */ = {isa = PBXFileReference; lastKnownFileType = sourcecode.swift; path = MainTableViewCell.swift; sourceTree = "<group>"; };
		23C1350C1FA865A500659196 /* ASCIIConverterFree.app */ = {isa = PBXFileReference; explicitFileType = wrapper.application; includeInIndex = 0; path = ASCIIConverterFree.app; sourceTree = BUILT_PRODUCTS_DIR; };
		23C1350F1FA865A500659196 /* AppDelegate.swift */ = {isa = PBXFileReference; lastKnownFileType = sourcecode.swift; path = AppDelegate.swift; sourceTree = "<group>"; };
		23C135191FA865A500659196 /* Base */ = {isa = PBXFileReference; lastKnownFileType = file.storyboard; name = Base; path = Base.lproj/LaunchScreenFree.storyboard; sourceTree = "<group>"; };
		23C1351B1FA865A500659196 /* InfoFree.plist */ = {isa = PBXFileReference; lastKnownFileType = text.plist.xml; path = InfoFree.plist; sourceTree = "<group>"; };
		23E1182221841F5A00C1CAD0 /* BaseModel.swift */ = {isa = PBXFileReference; lastKnownFileType = sourcecode.swift; path = BaseModel.swift; sourceTree = "<group>"; };
		23F17A701FB071450088E951 /* fr */ = {isa = PBXFileReference; lastKnownFileType = text.plist.strings; name = fr; path = fr.lproj/Localizable.strings; sourceTree = "<group>"; };
		23F17A731FB0714B0088E951 /* fr */ = {isa = PBXFileReference; lastKnownFileType = text.plist.strings; name = fr; path = fr.lproj/InfoPlist.strings; sourceTree = "<group>"; };
		23F17A751FB0714E0088E951 /* en */ = {isa = PBXFileReference; lastKnownFileType = text.plist.strings; name = en; path = en.lproj/Localizable.strings; sourceTree = "<group>"; };
		23F17A761FB071500088E951 /* en */ = {isa = PBXFileReference; lastKnownFileType = text.plist.strings; name = en; path = en.lproj/InfoPlist.strings; sourceTree = "<group>"; };
		23F516D92155F47500A30FF9 /* Extensions.swift */ = {isa = PBXFileReference; lastKnownFileType = sourcecode.swift; path = Extensions.swift; sourceTree = "<group>"; };
		23F7CBC421AA2F9A001CC3C4 /* ASCIIConverter.app */ = {isa = PBXFileReference; explicitFileType = wrapper.application; includeInIndex = 0; path = ASCIIConverter.app; sourceTree = BUILT_PRODUCTS_DIR; };
		23F7CBC521AA2F9A001CC3C4 /* Info.plist */ = {isa = PBXFileReference; lastKnownFileType = text.plist.xml; path = Info.plist; sourceTree = "<group>"; };
		23F7CBC621AA3029001CC3C4 /* LaunchScreen.storyboard */ = {isa = PBXFileReference; lastKnownFileType = file.storyboard; path = LaunchScreen.storyboard; sourceTree = "<group>"; };
		FA0CF3CC21FD775300A42D2E /* MenuViewController.swift */ = {isa = PBXFileReference; lastKnownFileType = sourcecode.swift; path = MenuViewController.swift; sourceTree = "<group>"; };
		FA0CF3CE21FD7CFD00A42D2E /* MenuModel.swift */ = {isa = PBXFileReference; lastKnownFileType = sourcecode.swift; path = MenuModel.swift; sourceTree = "<group>"; };
		FA0CF3D021FD7EE200A42D2E /* MenuTableViewCell.swift */ = {isa = PBXFileReference; lastKnownFileType = sourcecode.swift; path = MenuTableViewCell.swift; sourceTree = "<group>"; };
		FA0CF3D221FD893800A42D2E /* MenuSection.swift */ = {isa = PBXFileReference; lastKnownFileType = sourcecode.swift; path = MenuSection.swift; sourceTree = "<group>"; };
		FA0CF3D421FDD52700A42D2E /* Theme.swift */ = {isa = PBXFileReference; lastKnownFileType = sourcecode.swift; path = Theme.swift; sourceTree = "<group>"; };
/* End PBXFileReference section */

/* Begin PBXFrameworksBuildPhase section */
		23C135091FA865A500659196 /* Frameworks */ = {
			isa = PBXFrameworksBuildPhase;
			buildActionMask = 2147483647;
			files = (
			);
			runOnlyForDeploymentPostprocessing = 0;
		};
		23F7CBB821AA2F9A001CC3C4 /* Frameworks */ = {
			isa = PBXFrameworksBuildPhase;
			buildActionMask = 2147483647;
			files = (
			);
			runOnlyForDeploymentPostprocessing = 0;
		};
/* End PBXFrameworksBuildPhase section */

/* Begin PBXGroup section */
		23C135031FA865A500659196 = {
			isa = PBXGroup;
			children = (
				23C1350E1FA865A500659196 /* ASCIIConverter */,
				23C1350D1FA865A500659196 /* Products */,
				9871A47592F8749DB4F625EF /* Pods */,
			);
			sourceTree = "<group>";
		};
		23C1350D1FA865A500659196 /* Products */ = {
			isa = PBXGroup;
			children = (
				23C1350C1FA865A500659196 /* ASCIIConverterFree.app */,
				23F7CBC421AA2F9A001CC3C4 /* ASCIIConverter.app */,
			);
			name = Products;
			sourceTree = "<group>";
		};
		23C1350E1FA865A500659196 /* ASCIIConverter */ = {
			isa = PBXGroup;
			children = (
				23C1350F1FA865A500659196 /* AppDelegate.swift */,
				FA0CF3C921FD770500A42D2E /* Controllers */,
				23F17A711FB071450088E951 /* Localizable.strings */,
				23F17A741FB0714B0088E951 /* InfoPlist.strings */,
				23E1182121841F4700C1CAD0 /* Model */,
				23E11820218418CC00C1CAD0 /* Views */,
				23F516D92155F47500A30FF9 /* Extensions.swift */,
				2330D82D2184A66800677B36 /* Constants.swift */,
				23F7CBC621AA3029001CC3C4 /* LaunchScreen.storyboard */,
				23C135181FA865A500659196 /* LaunchScreenFree.storyboard */,
				23F7CBC521AA2F9A001CC3C4 /* Info.plist */,
				23C1351B1FA865A500659196 /* InfoFree.plist */,
				23361BBD21855D4C00DC6D95 /* Assets.xcassets */,
			);
			path = ASCIIConverter;
			sourceTree = "<group>";
		};
		23E11820218418CC00C1CAD0 /* Views */ = {
			isa = PBXGroup;
			children = (
				239C9E711FAF548D000EF3E7 /* MainTableViewCell.swift */,
				FA0CF3D021FD7EE200A42D2E /* MenuTableViewCell.swift */,
			);
			path = Views;
			sourceTree = "<group>";
		};
		23E1182121841F4700C1CAD0 /* Model */ = {
			isa = PBXGroup;
			children = (
				23E1182221841F5A00C1CAD0 /* BaseModel.swift */,
				FA0CF3D421FDD52700A42D2E /* Theme.swift */,
				FA0CF3CE21FD7CFD00A42D2E /* MenuModel.swift */,
				FA0CF3D221FD893800A42D2E /* MenuSection.swift */,
			);
			path = Model;
			sourceTree = "<group>";
		};
		9871A47592F8749DB4F625EF /* Pods */ = {
			isa = PBXGroup;
			children = (
			);
			path = Pods;
			sourceTree = "<group>";
		};
		FA0CF3C921FD770500A42D2E /* Controllers */ = {
			isa = PBXGroup;
			children = (
				FA0CF3CB21FD772000A42D2E /* MenuViewController */,
				FA0CF3CA21FD771300A42D2E /* MainViewController */,
			);
			path = Controllers;
			sourceTree = "<group>";
		};
		FA0CF3CA21FD771300A42D2E /* MainViewController */ = {
			isa = PBXGroup;
			children = (
				239C9E6F1FAF5367000EF3E7 /* MainViewController.swift */,
			);
			path = MainViewController;
			sourceTree = "<group>";
		};
		FA0CF3CB21FD772000A42D2E /* MenuViewController */ = {
			isa = PBXGroup;
			children = (
				FA0CF3CC21FD775300A42D2E /* MenuViewController.swift */,
			);
			path = MenuViewController;
			sourceTree = "<group>";
		};
/* End PBXGroup section */

/* Begin PBXNativeTarget section */
		23C1350B1FA865A500659196 /* ASCIIConverterFree */ = {
			isa = PBXNativeTarget;
			buildConfigurationList = 23C1351E1FA865A500659196 /* Build configuration list for PBXNativeTarget "ASCIIConverterFree" */;
			buildPhases = (
				23C135081FA865A500659196 /* Sources */,
				23C135091FA865A500659196 /* Frameworks */,
				23C1350A1FA865A500659196 /* Resources */,
			);
			buildRules = (
			);
			dependencies = (
			);
			name = ASCIIConverterFree;
			productName = ASCIIConverter;
			productReference = 23C1350C1FA865A500659196 /* ASCIIConverterFree.app */;
			productType = "com.apple.product-type.application";
		};
		23F7CBAD21AA2F9A001CC3C4 /* ASCIIConverter */ = {
			isa = PBXNativeTarget;
			buildConfigurationList = 23F7CBC121AA2F9A001CC3C4 /* Build configuration list for PBXNativeTarget "ASCIIConverter" */;
			buildPhases = (
				23F7CBAF21AA2F9A001CC3C4 /* Sources */,
				23F7CBB821AA2F9A001CC3C4 /* Frameworks */,
				23F7CBBA21AA2F9A001CC3C4 /* Resources */,
			);
			buildRules = (
			);
			dependencies = (
			);
			name = ASCIIConverter;
			productName = ASCIIConverter;
			productReference = 23F7CBC421AA2F9A001CC3C4 /* ASCIIConverter.app */;
			productType = "com.apple.product-type.application";
		};
/* End PBXNativeTarget section */

/* Begin PBXProject section */
		23C135041FA865A500659196 /* Project object */ = {
			isa = PBXProject;
			attributes = {
				LastSwiftUpdateCheck = 0900;
				LastUpgradeCheck = 1000;
				ORGANIZATIONNAME = DaiTranDev;
				TargetAttributes = {
					23C1350B1FA865A500659196 = {
						CreatedOnToolsVersion = 9.0.1;
						LastSwiftMigration = 1000;
						ProvisioningStyle = Automatic;
					};
					23F7CBAD21AA2F9A001CC3C4 = {
						ProvisioningStyle = Automatic;
					};
				};
			};
			buildConfigurationList = 23C135071FA865A500659196 /* Build configuration list for PBXProject "ASCIIConverter" */;
			compatibilityVersion = "Xcode 8.0";
			developmentRegion = en;
			hasScannedForEncodings = 0;
			knownRegions = (
				en,
				Base,
				"zh-Hans",
				"zh-Hant",
				de,
				ja,
				es,
				it,
				ko,
				ru,
				vi,
				id,
				pt,
				fr,
			);
			mainGroup = 23C135031FA865A500659196;
			productRefGroup = 23C1350D1FA865A500659196 /* Products */;
			projectDirPath = "";
			projectRoot = "";
			targets = (
				23C1350B1FA865A500659196 /* ASCIIConverterFree */,
				23F7CBAD21AA2F9A001CC3C4 /* ASCIIConverter */,
			);
		};
/* End PBXProject section */

/* Begin PBXResourcesBuildPhase section */
		23C1350A1FA865A500659196 /* Resources */ = {
			isa = PBXResourcesBuildPhase;
			buildActionMask = 2147483647;
			files = (
				23C1351A1FA865A500659196 /* LaunchScreenFree.storyboard in Resources */,
				23F17A6F1FB071450088E951 /* Localizable.strings in Resources */,
				23361BBE21855D4C00DC6D95 /* Assets.xcassets in Resources */,
				23F17A721FB0714B0088E951 /* InfoPlist.strings in Resources */,
			);
			runOnlyForDeploymentPostprocessing = 0;
		};
		23F7CBBA21AA2F9A001CC3C4 /* Resources */ = {
			isa = PBXResourcesBuildPhase;
			buildActionMask = 2147483647;
			files = (
				23F7CBBC21AA2F9A001CC3C4 /* Localizable.strings in Resources */,
				23F7CBC721AA3029001CC3C4 /* LaunchScreen.storyboard in Resources */,
				23F7CBBE21AA2F9A001CC3C4 /* Assets.xcassets in Resources */,
				23F7CBBF21AA2F9A001CC3C4 /* InfoPlist.strings in Resources */,
			);
			runOnlyForDeploymentPostprocessing = 0;
		};
/* End PBXResourcesBuildPhase section */

/* Begin PBXSourcesBuildPhase section */
		23C135081FA865A500659196 /* Sources */ = {
			isa = PBXSourcesBuildPhase;
			buildActionMask = 2147483647;
			files = (
				FA0CF3DB21FDFD6C00A42D2E /* MenuSection.swift in Sources */,
				23F516DA2155F47500A30FF9 /* Extensions.swift in Sources */,
				FA0CF3D921FDFD6C00A42D2E /* Theme.swift in Sources */,
				FA0CF3DA21FDFD6C00A42D2E /* MenuModel.swift in Sources */,
				FA0CF3DC21FDFD7500A42D2E /* MenuViewController.swift in Sources */,
				23C135101FA865A500659196 /* AppDelegate.swift in Sources */,
				FA0CF3D821FDFD6800A42D2E /* MenuTableViewCell.swift in Sources */,
				2330D82E2184A66800677B36 /* Constants.swift in Sources */,
				239C9E701FAF5367000EF3E7 /* MainViewController.swift in Sources */,
				FA0CF3D721FDFD6800A42D2E /* MainTableViewCell.swift in Sources */,
				23E1182321841F5A00C1CAD0 /* BaseModel.swift in Sources */,
			);
			runOnlyForDeploymentPostprocessing = 0;
		};
		23F7CBAF21AA2F9A001CC3C4 /* Sources */ = {
			isa = PBXSourcesBuildPhase;
			buildActionMask = 2147483647;
			files = (
				23F7CBB021AA2F9A001CC3C4 /* Extensions.swift in Sources */,
				FA0CF3CF21FD7CFD00A42D2E /* MenuModel.swift in Sources */,
				23F7CBB221AA2F9A001CC3C4 /* MainTableViewCell.swift in Sources */,
				FA0CF3D521FDD52700A42D2E /* Theme.swift in Sources */,
				23F7CBB321AA2F9A001CC3C4 /* Constants.swift in Sources */,
				FA0CF3C221FD747800A42D2E /* MainViewController.swift in Sources */,
				FA0CF3CD21FD775300A42D2E /* MenuViewController.swift in Sources */,
				FA0CF3C121FD747500A42D2E /* AppDelegate.swift in Sources */,
				23F7CBB721AA2F9A001CC3C4 /* BaseModel.swift in Sources */,
				FA0CF3D321FD893800A42D2E /* MenuSection.swift in Sources */,
				FA0CF3D121FD7EE200A42D2E /* MenuTableViewCell.swift in Sources */,
			);
			runOnlyForDeploymentPostprocessing = 0;
		};
/* End PBXSourcesBuildPhase section */

/* Begin PBXVariantGroup section */
		23C135181FA865A500659196 /* LaunchScreenFree.storyboard */ = {
			isa = PBXVariantGroup;
			children = (
				23C135191FA865A500659196 /* Base */,
			);
			name = LaunchScreenFree.storyboard;
			sourceTree = "<group>";
		};
		23F17A711FB071450088E951 /* Localizable.strings */ = {
			isa = PBXVariantGroup;
			children = (
				23F17A701FB071450088E951 /* fr */,
				23F17A751FB0714E0088E951 /* en */,
				232D58FB1FB0A36200E31D60 /* zh-Hans */,
				232D58FD1FB0A36700E31D60 /* zh-Hant */,
				232D58FF1FB0A36C00E31D60 /* de */,
				232D59011FB0A37100E31D60 /* ja */,
				232D59031FB0A37700E31D60 /* es */,
				232D59051FB0A37E00E31D60 /* it */,
				232D59071FB0A38500E31D60 /* ko */,
				232D59091FB0A38E00E31D60 /* ru */,
				232D590B1FB0A39800E31D60 /* vi */,
				232D590D1FB0A3A200E31D60 /* id */,
				232D590F1FB0A3B200E31D60 /* pt */,
			);
			name = Localizable.strings;
			sourceTree = "<group>";
		};
		23F17A741FB0714B0088E951 /* InfoPlist.strings */ = {
			isa = PBXVariantGroup;
			children = (
				23F17A731FB0714B0088E951 /* fr */,
				23F17A761FB071500088E951 /* en */,
				232D58FC1FB0A36200E31D60 /* zh-Hans */,
				232D58FE1FB0A36700E31D60 /* zh-Hant */,
				232D59001FB0A36C00E31D60 /* de */,
				232D59021FB0A37200E31D60 /* ja */,
				232D59041FB0A37700E31D60 /* es */,
				232D59061FB0A37E00E31D60 /* it */,
				232D59081FB0A38500E31D60 /* ko */,
				232D590A1FB0A38E00E31D60 /* ru */,
				232D590C1FB0A39800E31D60 /* vi */,
				232D590E1FB0A3A200E31D60 /* id */,
				232D59101FB0A3B200E31D60 /* pt */,
			);
			name = InfoPlist.strings;
			sourceTree = "<group>";
		};
/* End PBXVariantGroup section */

/* Begin XCBuildConfiguration section */
		23C1351C1FA865A500659196 /* Debug */ = {
			isa = XCBuildConfiguration;
			buildSettings = {
				ALWAYS_SEARCH_USER_PATHS = NO;
				CLANG_ANALYZER_LOCALIZABILITY_NONLOCALIZED = YES;
				CLANG_ANALYZER_NONNULL = YES;
				CLANG_ANALYZER_NUMBER_OBJECT_CONVERSION = YES_AGGRESSIVE;
				CLANG_CXX_LANGUAGE_STANDARD = "gnu++14";
				CLANG_CXX_LIBRARY = "libc++";
				CLANG_ENABLE_MODULES = YES;
				CLANG_ENABLE_OBJC_ARC = YES;
				CLANG_WARN_BLOCK_CAPTURE_AUTORELEASING = YES;
				CLANG_WARN_BOOL_CONVERSION = YES;
				CLANG_WARN_COMMA = YES;
				CLANG_WARN_CONSTANT_CONVERSION = YES;
				CLANG_WARN_DEPRECATED_OBJC_IMPLEMENTATIONS = YES;
				CLANG_WARN_DIRECT_OBJC_ISA_USAGE = YES_ERROR;
				CLANG_WARN_DOCUMENTATION_COMMENTS = YES;
				CLANG_WARN_EMPTY_BODY = YES;
				CLANG_WARN_ENUM_CONVERSION = YES;
				CLANG_WARN_INFINITE_RECURSION = YES;
				CLANG_WARN_INT_CONVERSION = YES;
				CLANG_WARN_NON_LITERAL_NULL_CONVERSION = YES;
				CLANG_WARN_OBJC_IMPLICIT_RETAIN_SELF = YES;
				CLANG_WARN_OBJC_LITERAL_CONVERSION = YES;
				CLANG_WARN_OBJC_ROOT_CLASS = YES_ERROR;
				CLANG_WARN_RANGE_LOOP_ANALYSIS = YES;
				CLANG_WARN_STRICT_PROTOTYPES = YES;
				CLANG_WARN_SUSPICIOUS_MOVE = YES;
				CLANG_WARN_UNGUARDED_AVAILABILITY = YES_AGGRESSIVE;
				CLANG_WARN_UNREACHABLE_CODE = YES;
				CLANG_WARN__DUPLICATE_METHOD_MATCH = YES;
				CODE_SIGN_IDENTITY = "iPhone Developer";
				COPY_PHASE_STRIP = NO;
				DEBUG_INFORMATION_FORMAT = dwarf;
				ENABLE_STRICT_OBJC_MSGSEND = YES;
				ENABLE_TESTABILITY = YES;
				GCC_C_LANGUAGE_STANDARD = gnu11;
				GCC_DYNAMIC_NO_PIC = NO;
				GCC_NO_COMMON_BLOCKS = YES;
				GCC_OPTIMIZATION_LEVEL = 0;
				GCC_PREPROCESSOR_DEFINITIONS = (
					"DEBUG=1",
					"$(inherited)",
				);
				GCC_WARN_64_TO_32_BIT_CONVERSION = YES;
				GCC_WARN_ABOUT_RETURN_TYPE = YES_ERROR;
				GCC_WARN_UNDECLARED_SELECTOR = YES;
				GCC_WARN_UNINITIALIZED_AUTOS = YES_AGGRESSIVE;
				GCC_WARN_UNUSED_FUNCTION = YES;
				GCC_WARN_UNUSED_VARIABLE = YES;
				IPHONEOS_DEPLOYMENT_TARGET = 9.0;
				MTL_ENABLE_DEBUG_INFO = YES;
				ONLY_ACTIVE_ARCH = YES;
				SDKROOT = iphoneos;
				SWIFT_ACTIVE_COMPILATION_CONDITIONS = DEBUG;
				SWIFT_OPTIMIZATION_LEVEL = "-Onone";
			};
			name = Debug;
		};
		23C1351D1FA865A500659196 /* Release */ = {
			isa = XCBuildConfiguration;
			buildSettings = {
				ALWAYS_SEARCH_USER_PATHS = NO;
				CLANG_ANALYZER_LOCALIZABILITY_NONLOCALIZED = YES;
				CLANG_ANALYZER_NONNULL = YES;
				CLANG_ANALYZER_NUMBER_OBJECT_CONVERSION = YES_AGGRESSIVE;
				CLANG_CXX_LANGUAGE_STANDARD = "gnu++14";
				CLANG_CXX_LIBRARY = "libc++";
				CLANG_ENABLE_MODULES = YES;
				CLANG_ENABLE_OBJC_ARC = YES;
				CLANG_WARN_BLOCK_CAPTURE_AUTORELEASING = YES;
				CLANG_WARN_BOOL_CONVERSION = YES;
				CLANG_WARN_COMMA = YES;
				CLANG_WARN_CONSTANT_CONVERSION = YES;
				CLANG_WARN_DEPRECATED_OBJC_IMPLEMENTATIONS = YES;
				CLANG_WARN_DIRECT_OBJC_ISA_USAGE = YES_ERROR;
				CLANG_WARN_DOCUMENTATION_COMMENTS = YES;
				CLANG_WARN_EMPTY_BODY = YES;
				CLANG_WARN_ENUM_CONVERSION = YES;
				CLANG_WARN_INFINITE_RECURSION = YES;
				CLANG_WARN_INT_CONVERSION = YES;
				CLANG_WARN_NON_LITERAL_NULL_CONVERSION = YES;
				CLANG_WARN_OBJC_IMPLICIT_RETAIN_SELF = YES;
				CLANG_WARN_OBJC_LITERAL_CONVERSION = YES;
				CLANG_WARN_OBJC_ROOT_CLASS = YES_ERROR;
				CLANG_WARN_RANGE_LOOP_ANALYSIS = YES;
				CLANG_WARN_STRICT_PROTOTYPES = YES;
				CLANG_WARN_SUSPICIOUS_MOVE = YES;
				CLANG_WARN_UNGUARDED_AVAILABILITY = YES_AGGRESSIVE;
				CLANG_WARN_UNREACHABLE_CODE = YES;
				CLANG_WARN__DUPLICATE_METHOD_MATCH = YES;
				CODE_SIGN_IDENTITY = "iPhone Developer";
				COPY_PHASE_STRIP = NO;
				DEBUG_INFORMATION_FORMAT = "dwarf-with-dsym";
				ENABLE_NS_ASSERTIONS = NO;
				ENABLE_STRICT_OBJC_MSGSEND = YES;
				GCC_C_LANGUAGE_STANDARD = gnu11;
				GCC_NO_COMMON_BLOCKS = YES;
				GCC_WARN_64_TO_32_BIT_CONVERSION = YES;
				GCC_WARN_ABOUT_RETURN_TYPE = YES_ERROR;
				GCC_WARN_UNDECLARED_SELECTOR = YES;
				GCC_WARN_UNINITIALIZED_AUTOS = YES_AGGRESSIVE;
				GCC_WARN_UNUSED_FUNCTION = YES;
				GCC_WARN_UNUSED_VARIABLE = YES;
				IPHONEOS_DEPLOYMENT_TARGET = 9.0;
				MTL_ENABLE_DEBUG_INFO = NO;
				SDKROOT = iphoneos;
				SWIFT_OPTIMIZATION_LEVEL = "-Owholemodule";
				VALIDATE_PRODUCT = YES;
			};
			name = Release;
		};
		23C1351F1FA865A500659196 /* Debug */ = {
			isa = XCBuildConfiguration;
			buildSettings = {
				ASSETCATALOG_COMPILER_APPICON_NAME = AppIconFree;
				CODE_SIGN_STYLE = Automatic;
				CURRENT_PROJECT_VERSION = 1;
				DEVELOPMENT_TEAM = B8SW848K42;
				ENABLE_BITCODE = YES;
				FRAMEWORK_SEARCH_PATHS = (
					"$(inherited)",
					"$(PROJECT_DIR)",
				);
				INFOPLIST_FILE = "$(SRCROOT)/ASCIIConverter/InfoFree.plist";
				IPHONEOS_DEPLOYMENT_TARGET = 9.0;
				LD_RUNPATH_SEARCH_PATHS = "$(inherited) @executable_path/Frameworks";
				MARKETING_VERSION = 1.0.7;
				OTHER_SWIFT_FLAGS = "$(inherited) \"-D\" \"COCOAPODS\"";
				PRODUCT_BUNDLE_IDENTIFIER = com.DaiTranDev.ASCIIConverter;
				PRODUCT_NAME = "$(TARGET_NAME)";
				SWIFT_ACTIVE_COMPILATION_CONDITIONS = DEBUG;
				SWIFT_VERSION = 4.2;
				TARGETED_DEVICE_FAMILY = "1,2";
			};
			name = Debug;
		};
		23C135201FA865A500659196 /* Release */ = {
			isa = XCBuildConfiguration;
			buildSettings = {
				ASSETCATALOG_COMPILER_APPICON_NAME = AppIconFree;
				CODE_SIGN_STYLE = Automatic;
				CURRENT_PROJECT_VERSION = 1;
				DEVELOPMENT_TEAM = B8SW848K42;
				ENABLE_BITCODE = YES;
				FRAMEWORK_SEARCH_PATHS = (
					"$(inherited)",
					"$(PROJECT_DIR)",
				);
				INFOPLIST_FILE = "$(SRCROOT)/ASCIIConverter/InfoFree.plist";
				IPHONEOS_DEPLOYMENT_TARGET = 9.0;
				LD_RUNPATH_SEARCH_PATHS = "$(inherited) @executable_path/Frameworks";
				MARKETING_VERSION = 1.0.7;
				OTHER_SWIFT_FLAGS = "$(inherited) \"-D\" \"COCOAPODS\"";
				PRODUCT_BUNDLE_IDENTIFIER = com.DaiTranDev.ASCIIConverter;
				PRODUCT_NAME = "$(TARGET_NAME)";
				SWIFT_ACTIVE_COMPILATION_CONDITIONS = "";
				SWIFT_VERSION = 4.2;
				TARGETED_DEVICE_FAMILY = "1,2";
			};
			name = Release;
		};
		23F7CBC221AA2F9A001CC3C4 /* Debug */ = {
			isa = XCBuildConfiguration;
			buildSettings = {
				ASSETCATALOG_COMPILER_APPICON_NAME = AppIcon;
				CODE_SIGN_STYLE = Automatic;
				CURRENT_PROJECT_VERSION = 10;
				DEVELOPMENT_TEAM = B8SW848K42;
				ENABLE_BITCODE = YES;
				FRAMEWORK_SEARCH_PATHS = (
					"$(inherited)",
					"$(PROJECT_DIR)",
				);
				INFOPLIST_FILE = "$(SRCROOT)/ASCIIConverter/Info.plist";
				IPHONEOS_DEPLOYMENT_TARGET = 9.0;
				LD_RUNPATH_SEARCH_PATHS = "$(inherited) @executable_path/Frameworks";
				OTHER_SWIFT_FLAGS = "$(inherited) \"-D\" \"COCOAPODS\"";
				PRODUCT_BUNDLE_IDENTIFIER = com.DaiTranDev.ASCIIConverterPro;
				PRODUCT_NAME = "$(TARGET_NAME)";
				SWIFT_ACTIVE_COMPILATION_CONDITIONS = DEBUG;
				SWIFT_VERSION = 4.2;
				TARGETED_DEVICE_FAMILY = "1,2";
			};
			name = Debug;
		};
		23F7CBC321AA2F9A001CC3C4 /* Release */ = {
			isa = XCBuildConfiguration;
			buildSettings = {
				ASSETCATALOG_COMPILER_APPICON_NAME = AppIcon;
				CODE_SIGN_STYLE = Automatic;
				CURRENT_PROJECT_VERSION = 10;
				DEVELOPMENT_TEAM = B8SW848K42;
				ENABLE_BITCODE = YES;
				FRAMEWORK_SEARCH_PATHS = (
					"$(inherited)",
					"$(PROJECT_DIR)",
				);
				INFOPLIST_FILE = "$(SRCROOT)/ASCIIConverter/Info.plist";
				IPHONEOS_DEPLOYMENT_TARGET = 9.0;
				LD_RUNPATH_SEARCH_PATHS = "$(inherited) @executable_path/Frameworks";
				OTHER_SWIFT_FLAGS = "$(inherited) \"-D\" \"COCOAPODS\"";
				PRODUCT_BUNDLE_IDENTIFIER = com.DaiTranDev.ASCIIConverterPro;
				PRODUCT_NAME = "$(TARGET_NAME)";
				SWIFT_ACTIVE_COMPILATION_CONDITIONS = "";
				SWIFT_VERSION = 4.2;
				TARGETED_DEVICE_FAMILY = "1,2";
			};
			name = Release;
		};
/* End XCBuildConfiguration section */

/* Begin XCConfigurationList section */
		23C135071FA865A500659196 /* Build configuration list for PBXProject "ASCIIConverter" */ = {
			isa = XCConfigurationList;
			buildConfigurations = (
				23C1351C1FA865A500659196 /* Debug */,
				23C1351D1FA865A500659196 /* Release */,
			);
			defaultConfigurationIsVisible = 0;
			defaultConfigurationName = Release;
		};
		23C1351E1FA865A500659196 /* Build configuration list for PBXNativeTarget "ASCIIConverterFree" */ = {
			isa = XCConfigurationList;
			buildConfigurations = (
				23C1351F1FA865A500659196 /* Debug */,
				23C135201FA865A500659196 /* Release */,
			);
			defaultConfigurationIsVisible = 0;
			defaultConfigurationName = Release;
		};
		23F7CBC121AA2F9A001CC3C4 /* Build configuration list for PBXNativeTarget "ASCIIConverter" */ = {
			isa = XCConfigurationList;
			buildConfigurations = (
				23F7CBC221AA2F9A001CC3C4 /* Debug */,
				23F7CBC321AA2F9A001CC3C4 /* Release */,
			);
			defaultConfigurationIsVisible = 0;
			defaultConfigurationName = Release;
		};
/* End XCConfigurationList section */
	};
	rootObject = 23C135041FA865A500659196 /* Project object */;
}
